// !$*UTF8*$!
{
	archiveVersion = 1;
	classes = {
	};
	objectVersion = 46;
	objects = {

/* Begin PBXBuildFile section */
		2E7D49D21E89A27700F489AB /* FontReplace.h in Headers */ = {isa = PBXBuildFile; fileRef = 2E7D49D11E89A27700F489AB /* FontReplace.h */; };
		2E7D49D41E89A27700F489AB /* FontReplace.m in Sources */ = {isa = PBXBuildFile; fileRef = 2E7D49D31E89A27700F489AB /* FontReplace.m */; };
		2E82A9F21E8A906B00FD2F2B /* mach_override.h in Headers */ = {isa = PBXBuildFile; fileRef = 2E82A9F01E8A906B00FD2F2B /* mach_override.h */; };
		2E82A9F31E8A906B00FD2F2B /* mach_override.c in Sources */ = {isa = PBXBuildFile; fileRef = 2E82A9F11E8A906B00FD2F2B /* mach_override.c */; };
		2E82AA041E8A907C00FD2F2B /* decode.c in Sources */ = {isa = PBXBuildFile; fileRef = 2E82A9F51E8A907C00FD2F2B /* decode.c */; };
		2E82AA051E8A907C00FD2F2B /* decode.h in Headers */ = {isa = PBXBuildFile; fileRef = 2E82A9F61E8A907C00FD2F2B /* decode.h */; };
		2E82AA061E8A907C00FD2F2B /* extern.h in Headers */ = {isa = PBXBuildFile; fileRef = 2E82A9F71E8A907C00FD2F2B /* extern.h */; };
		2E82AA071E8A907C00FD2F2B /* input.c in Sources */ = {isa = PBXBuildFile; fileRef = 2E82A9F81E8A907C00FD2F2B /* input.c */; };
		2E82AA081E8A907C00FD2F2B /* input.h in Headers */ = {isa = PBXBuildFile; fileRef = 2E82A9F91E8A907C00FD2F2B /* input.h */; };
		2E82AA091E8A907C00FD2F2B /* itab.c in Sources */ = {isa = PBXBuildFile; fileRef = 2E82A9FA1E8A907C00FD2F2B /* itab.c */; };
		2E82AA0A1E8A907C00FD2F2B /* itab.h in Headers */ = {isa = PBXBuildFile; fileRef = 2E82A9FB1E8A907C00FD2F2B /* itab.h */; };
		2E82AA0B1E8A907C00FD2F2B /* syn-att.c in Sources */ = {isa = PBXBuildFile; fileRef = 2E82A9FC1E8A907C00FD2F2B /* syn-att.c */; };
		2E82AA0C1E8A907C00FD2F2B /* syn-intel.c in Sources */ = {isa = PBXBuildFile; fileRef = 2E82A9FD1E8A907C00FD2F2B /* syn-intel.c */; };
		2E82AA0D1E8A907C00FD2F2B /* syn.c in Sources */ = {isa = PBXBuildFile; fileRef = 2E82A9FE1E8A907C00FD2F2B /* syn.c */; };
		2E82AA0E1E8A907C00FD2F2B /* syn.h in Headers */ = {isa = PBXBuildFile; fileRef = 2E82A9FF1E8A907C00FD2F2B /* syn.h */; };
		2E82AA0F1E8A907C00FD2F2B /* types.h in Headers */ = {isa = PBXBuildFile; fileRef = 2E82AA001E8A907C00FD2F2B /* types.h */; };
		2E82AA101E8A907C00FD2F2B /* udint.h in Headers */ = {isa = PBXBuildFile; fileRef = 2E82AA011E8A907C00FD2F2B /* udint.h */; };
		2E82AA111E8A907C00FD2F2B /* udis86.c in Sources */ = {isa = PBXBuildFile; fileRef = 2E82AA021E8A907C00FD2F2B /* udis86.c */; };
		2E82AA121E8A907C00FD2F2B /* udis86.h in Headers */ = {isa = PBXBuildFile; fileRef = 2E82AA031E8A907C00FD2F2B /* udis86.h */; };
/* End PBXBuildFile section */

/* Begin PBXFileReference section */
		2E7D49CE1E89A27700F489AB /* libFontReplace.dylib */ = {isa = PBXFileReference; explicitFileType = "compiled.mach-o.dylib"; includeInIndex = 0; path = libFontReplace.dylib; sourceTree = BUILT_PRODUCTS_DIR; };
		2E7D49D11E89A27700F489AB /* FontReplace.h */ = {isa = PBXFileReference; lastKnownFileType = sourcecode.c.h; path = FontReplace.h; sourceTree = "<group>"; };
		2E7D49D31E89A27700F489AB /* FontReplace.m */ = {isa = PBXFileReference; lastKnownFileType = sourcecode.c.objc; path = FontReplace.m; sourceTree = "<group>"; };
		2E82A9F01E8A906B00FD2F2B /* mach_override.h */ = {isa = PBXFileReference; fileEncoding = 4; lastKnownFileType = sourcecode.c.h; path = mach_override.h; sourceTree = "<group>"; };
		2E82A9F11E8A906B00FD2F2B /* mach_override.c */ = {isa = PBXFileReference; fileEncoding = 4; lastKnownFileType = sourcecode.c.c; path = mach_override.c; sourceTree = "<group>"; };
		2E82A9F51E8A907C00FD2F2B /* decode.c */ = {isa = PBXFileReference; fileEncoding = 4; lastKnownFileType = sourcecode.c.c; path = decode.c; sourceTree = "<group>"; };
		2E82A9F61E8A907C00FD2F2B /* decode.h */ = {isa = PBXFileReference; fileEncoding = 4; lastKnownFileType = sourcecode.c.h; path = decode.h; sourceTree = "<group>"; };
		2E82A9F71E8A907C00FD2F2B /* extern.h */ = {isa = PBXFileReference; fileEncoding = 4; lastKnownFileType = sourcecode.c.h; path = extern.h; sourceTree = "<group>"; };
		2E82A9F81E8A907C00FD2F2B /* input.c */ = {isa = PBXFileReference; fileEncoding = 4; lastKnownFileType = sourcecode.c.c; path = input.c; sourceTree = "<group>"; };
		2E82A9F91E8A907C00FD2F2B /* input.h */ = {isa = PBXFileReference; fileEncoding = 4; lastKnownFileType = sourcecode.c.h; path = input.h; sourceTree = "<group>"; };
		2E82A9FA1E8A907C00FD2F2B /* itab.c */ = {isa = PBXFileReference; fileEncoding = 4; lastKnownFileType = sourcecode.c.c; path = itab.c; sourceTree = "<group>"; };
		2E82A9FB1E8A907C00FD2F2B /* itab.h */ = {isa = PBXFileReference; fileEncoding = 4; lastKnownFileType = sourcecode.c.h; path = itab.h; sourceTree = "<group>"; };
		2E82A9FC1E8A907C00FD2F2B /* syn-att.c */ = {isa = PBXFileReference; fileEncoding = 4; lastKnownFileType = sourcecode.c.c; path = "syn-att.c"; sourceTree = "<group>"; };
		2E82A9FD1E8A907C00FD2F2B /* syn-intel.c */ = {isa = PBXFileReference; fileEncoding = 4; lastKnownFileType = sourcecode.c.c; path = "syn-intel.c"; sourceTree = "<group>"; };
		2E82A9FE1E8A907C00FD2F2B /* syn.c */ = {isa = PBXFileReference; fileEncoding = 4; lastKnownFileType = sourcecode.c.c; path = syn.c; sourceTree = "<group>"; };
		2E82A9FF1E8A907C00FD2F2B /* syn.h */ = {isa = PBXFileReference; fileEncoding = 4; lastKnownFileType = sourcecode.c.h; path = syn.h; sourceTree = "<group>"; };
		2E82AA001E8A907C00FD2F2B /* types.h */ = {isa = PBXFileReference; fileEncoding = 4; lastKnownFileType = sourcecode.c.h; path = types.h; sourceTree = "<group>"; };
		2E82AA011E8A907C00FD2F2B /* udint.h */ = {isa = PBXFileReference; fileEncoding = 4; lastKnownFileType = sourcecode.c.h; path = udint.h; sourceTree = "<group>"; };
		2E82AA021E8A907C00FD2F2B /* udis86.c */ = {isa = PBXFileReference; fileEncoding = 4; lastKnownFileType = sourcecode.c.c; path = udis86.c; sourceTree = "<group>"; };
		2E82AA031E8A907C00FD2F2B /* udis86.h */ = {isa = PBXFileReference; fileEncoding = 4; lastKnownFileType = sourcecode.c.h; path = udis86.h; sourceTree = "<group>"; };
		2E87B5D61E8C6A9900B62F32 /* screenshot.png */ = {isa = PBXFileReference; lastKnownFileType = image.png; path = screenshot.png; sourceTree = "<group>"; };
		2E87B5D71E8C6AA300B62F32 /* eu.rensbr.FontReplace.settings.plist */ = {isa = PBXFileReference; lastKnownFileType = text.plist.xml; path = eu.rensbr.FontReplace.settings.plist; sourceTree = "<group>"; };
		2E87B5D81E8C6AF800B62F32 /* eu.rensbr.FontReplace.launch.plist */ = {isa = PBXFileReference; fileEncoding = 4; lastKnownFileType = text.plist.xml; path = eu.rensbr.FontReplace.launch.plist; sourceTree = "<group>"; };
/* End PBXFileReference section */

/* Begin PBXFrameworksBuildPhase section */
		2E7D49CB1E89A27600F489AB /* Frameworks */ = {
			isa = PBXFrameworksBuildPhase;
			buildActionMask = 2147483647;
			files = (
			);
			runOnlyForDeploymentPostprocessing = 0;
		};
/* End PBXFrameworksBuildPhase section */

/* Begin PBXGroup section */
		2E496FF61E8BF2A40095A46E /* Frameworks */ = {
			isa = PBXGroup;
			children = (
			);
			name = Frameworks;
			sourceTree = "<group>";
		};
		2E7D49C51E89A27600F489AB = {
			isa = PBXGroup;
			children = (
				2E87B5D61E8C6A9900B62F32 /* screenshot.png */,
				2E87B5D71E8C6AA300B62F32 /* eu.rensbr.FontReplace.settings.plist */,
				2E87B5D81E8C6AF800B62F32 /* eu.rensbr.FontReplace.launch.plist */,
				2E7D49D01E89A27700F489AB /* FontReplace */,
				2E7D49CF1E89A27700F489AB /* Products */,
				2E496FF61E8BF2A40095A46E /* Frameworks */,
			);
			sourceTree = "<group>";
		};
		2E7D49CF1E89A27700F489AB /* Products */ = {
			isa = PBXGroup;
			children = (
				2E7D49CE1E89A27700F489AB /* libFontReplace.dylib */,
			);
			name = Products;
			sourceTree = "<group>";
		};
		2E7D49D01E89A27700F489AB /* FontReplace */ = {
			isa = PBXGroup;
			children = (
				2E7D49D11E89A27700F489AB /* FontReplace.h */,
				2E7D49D31E89A27700F489AB /* FontReplace.m */,
				2E82A9F01E8A906B00FD2F2B /* mach_override.h */,
				2E82A9F11E8A906B00FD2F2B /* mach_override.c */,
				2E82A9F41E8A907C00FD2F2B /* libudis86 */,
			);
			path = FontReplace;
			sourceTree = "<group>";
		};
		2E82A9F41E8A907C00FD2F2B /* libudis86 */ = {
			isa = PBXGroup;
			children = (
				2E82A9F51E8A907C00FD2F2B /* decode.c */,
				2E82A9F61E8A907C00FD2F2B /* decode.h */,
				2E82A9F71E8A907C00FD2F2B /* extern.h */,
				2E82A9F81E8A907C00FD2F2B /* input.c */,
				2E82A9F91E8A907C00FD2F2B /* input.h */,
				2E82A9FA1E8A907C00FD2F2B /* itab.c */,
				2E82A9FB1E8A907C00FD2F2B /* itab.h */,
				2E82A9FC1E8A907C00FD2F2B /* syn-att.c */,
				2E82A9FD1E8A907C00FD2F2B /* syn-intel.c */,
				2E82A9FE1E8A907C00FD2F2B /* syn.c */,
				2E82A9FF1E8A907C00FD2F2B /* syn.h */,
				2E82AA001E8A907C00FD2F2B /* types.h */,
				2E82AA011E8A907C00FD2F2B /* udint.h */,
				2E82AA021E8A907C00FD2F2B /* udis86.c */,
				2E82AA031E8A907C00FD2F2B /* udis86.h */,
			);
			path = libudis86;
			sourceTree = "<group>";
		};
/* End PBXGroup section */

/* Begin PBXHeadersBuildPhase section */
		2E7D49CC1E89A27600F489AB /* Headers */ = {
			isa = PBXHeadersBuildPhase;
			buildActionMask = 2147483647;
			files = (
				2E82AA101E8A907C00FD2F2B /* udint.h in Headers */,
				2E82AA0E1E8A907C00FD2F2B /* syn.h in Headers */,
				2E82AA061E8A907C00FD2F2B /* extern.h in Headers */,
				2E82AA121E8A907C00FD2F2B /* udis86.h in Headers */,
				2E82AA0F1E8A907C00FD2F2B /* types.h in Headers */,
				2E7D49D21E89A27700F489AB /* FontReplace.h in Headers */,
				2E82AA0A1E8A907C00FD2F2B /* itab.h in Headers */,
				2E82AA081E8A907C00FD2F2B /* input.h in Headers */,
				2E82A9F21E8A906B00FD2F2B /* mach_override.h in Headers */,
				2E82AA051E8A907C00FD2F2B /* decode.h in Headers */,
			);
			runOnlyForDeploymentPostprocessing = 0;
		};
/* End PBXHeadersBuildPhase section */

/* Begin PBXNativeTarget section */
		2E7D49CD1E89A27600F489AB /* FontReplace */ = {
			isa = PBXNativeTarget;
			buildConfigurationList = 2E7D49D71E89A27700F489AB /* Build configuration list for PBXNativeTarget "FontReplace" */;
			buildPhases = (
				2E7D49CA1E89A27600F489AB /* Sources */,
				2E7D49CB1E89A27600F489AB /* Frameworks */,
				2E7D49CC1E89A27600F489AB /* Headers */,
			);
			buildRules = (
			);
			dependencies = (
			);
			name = FontReplace;
			productName = FontReplace;
			productReference = 2E7D49CE1E89A27700F489AB /* libFontReplace.dylib */;
			productType = "com.apple.product-type.library.dynamic";
		};
/* End PBXNativeTarget section */

/* Begin PBXProject section */
		2E7D49C61E89A27600F489AB /* Project object */ = {
			isa = PBXProject;
			attributes = {
				LastUpgradeCheck = 0820;
				ORGANIZATIONNAME = "Rens Breur";
				TargetAttributes = {
					2E7D49CD1E89A27600F489AB = {
						CreatedOnToolsVersion = 8.2.1;
						ProvisioningStyle = Automatic;
					};
				};
			};
			buildConfigurationList = 2E7D49C91E89A27600F489AB /* Build configuration list for PBXProject "FontReplace" */;
			compatibilityVersion = "Xcode 3.2";
			developmentRegion = English;
			hasScannedForEncodings = 0;
			knownRegions = (
				en,
			);
			mainGroup = 2E7D49C51E89A27600F489AB;
			productRefGroup = 2E7D49CF1E89A27700F489AB /* Products */;
			projectDirPath = "";
			projectRoot = "";
			targets = (
				2E7D49CD1E89A27600F489AB /* FontReplace */,
			);
		};
/* End PBXProject section */

/* Begin PBXSourcesBuildPhase section */
		2E7D49CA1E89A27600F489AB /* Sources */ = {
			isa = PBXSourcesBuildPhase;
			buildActionMask = 2147483647;
			files = (
				2E82AA0D1E8A907C00FD2F2B /* syn.c in Sources */,
				2E82AA111E8A907C00FD2F2B /* udis86.c in Sources */,
				2E82AA091E8A907C00FD2F2B /* itab.c in Sources */,
				2E82AA071E8A907C00FD2F2B /* input.c in Sources */,
				2E82A9F31E8A906B00FD2F2B /* mach_override.c in Sources */,
				2E82AA041E8A907C00FD2F2B /* decode.c in Sources */,
				2E82AA0B1E8A907C00FD2F2B /* syn-att.c in Sources */,
				2E7D49D41E89A27700F489AB /* FontReplace.m in Sources */,
				2E82AA0C1E8A907C00FD2F2B /* syn-intel.c in Sources */,
			);
			runOnlyForDeploymentPostprocessing = 0;
		};
/* End PBXSourcesBuildPhase section */

/* Begin XCBuildConfiguration section */
		2E7D49D51E89A27700F489AB /* Debug */ = {
			isa = XCBuildConfiguration;
			buildSettings = {
				ALWAYS_SEARCH_USER_PATHS = NO;
				CLANG_ANALYZER_NONNULL = YES;
				CLANG_CXX_LANGUAGE_STANDARD = "gnu++0x";
				CLANG_CXX_LIBRARY = "libc++";
				CLANG_ENABLE_MODULES = YES;
				CLANG_ENABLE_OBJC_ARC = YES;
				CLANG_WARN_BOOL_CONVERSION = YES;
				CLANG_WARN_CONSTANT_CONVERSION = YES;
				CLANG_WARN_DIRECT_OBJC_ISA_USAGE = YES_ERROR;
				CLANG_WARN_DOCUMENTATION_COMMENTS = YES;
				CLANG_WARN_EMPTY_BODY = YES;
				CLANG_WARN_ENUM_CONVERSION = YES;
				CLANG_WARN_INFINITE_RECURSION = YES;
				CLANG_WARN_INT_CONVERSION = YES;
				CLANG_WARN_OBJC_ROOT_CLASS = YES_ERROR;
				CLANG_WARN_SUSPICIOUS_MOVE = YES;
				CLANG_WARN_UNREACHABLE_CODE = YES;
				CLANG_WARN__DUPLICATE_METHOD_MATCH = YES;
				CODE_SIGN_IDENTITY = "-";
				COPY_PHASE_STRIP = NO;
				DEBUG_INFORMATION_FORMAT = dwarf;
				ENABLE_STRICT_OBJC_MSGSEND = YES;
				ENABLE_TESTABILITY = YES;
				GCC_C_LANGUAGE_STANDARD = gnu99;
				GCC_DYNAMIC_NO_PIC = NO;
				GCC_NO_COMMON_BLOCKS = YES;
				GCC_OPTIMIZATION_LEVEL = 0;
				GCC_PREPROCESSOR_DEFINITIONS = (
					"DEBUG=1",
					"$(inherited)",
				);
				GCC_WARN_64_TO_32_BIT_CONVERSION = YES;
				GCC_WARN_ABOUT_RETURN_TYPE = YES_ERROR;
				GCC_WARN_UNDECLARED_SELECTOR = YES;
				GCC_WARN_UNINITIALIZED_AUTOS = YES_AGGRESSIVE;
				GCC_WARN_UNUSED_FUNCTION = YES;
				GCC_WARN_UNUSED_VARIABLE = YES;
				MACOSX_DEPLOYMENT_TARGET = 10.12;
				MTL_ENABLE_DEBUG_INFO = YES;
				ONLY_ACTIVE_ARCH = YES;
				SDKROOT = macosx;
			};
			name = Debug;
		};
		2E7D49D61E89A27700F489AB /* Release */ = {
			isa = XCBuildConfiguration;
			buildSettings = {
				ALWAYS_SEARCH_USER_PATHS = NO;
				CLANG_ANALYZER_NONNULL = YES;
				CLANG_CXX_LANGUAGE_STANDARD = "gnu++0x";
				CLANG_CXX_LIBRARY = "libc++";
				CLANG_ENABLE_MODULES = YES;
				CLANG_ENABLE_OBJC_ARC = YES;
				CLANG_WARN_BOOL_CONVERSION = YES;
				CLANG_WARN_CONSTANT_CONVERSION = YES;
				CLANG_WARN_DIRECT_OBJC_ISA_USAGE = YES_ERROR;
				CLANG_WARN_DOCUMENTATION_COMMENTS = YES;
				CLANG_WARN_EMPTY_BODY = YES;
				CLANG_WARN_ENUM_CONVERSION = YES;
				CLANG_WARN_INFINITE_RECURSION = YES;
				CLANG_WARN_INT_CONVERSION = YES;
				CLANG_WARN_OBJC_ROOT_CLASS = YES_ERROR;
				CLANG_WARN_SUSPICIOUS_MOVE = YES;
				CLANG_WARN_UNREACHABLE_CODE = YES;
				CLANG_WARN__DUPLICATE_METHOD_MATCH = YES;
				CODE_SIGN_IDENTITY = "-";
				COPY_PHASE_STRIP = NO;
				DEBUG_INFORMATION_FORMAT = "dwarf-with-dsym";
				ENABLE_NS_ASSERTIONS = NO;
				ENABLE_STRICT_OBJC_MSGSEND = YES;
				GCC_C_LANGUAGE_STANDARD = gnu99;
				GCC_NO_COMMON_BLOCKS = YES;
				GCC_WARN_64_TO_32_BIT_CONVERSION = YES;
				GCC_WARN_ABOUT_RETURN_TYPE = YES_ERROR;
				GCC_WARN_UNDECLARED_SELECTOR = YES;
				GCC_WARN_UNINITIALIZED_AUTOS = YES_AGGRESSIVE;
				GCC_WARN_UNUSED_FUNCTION = YES;
				GCC_WARN_UNUSED_VARIABLE = YES;
				MACOSX_DEPLOYMENT_TARGET = 10.12;
				MTL_ENABLE_DEBUG_INFO = NO;
				SDKROOT = macosx;
			};
			name = Release;
		};
		2E7D49D81E89A27700F489AB /* Debug */ = {
			isa = XCBuildConfiguration;
			buildSettings = {
				DYLIB_COMPATIBILITY_VERSION = 1;
				DYLIB_CURRENT_VERSION = 1;
				EXECUTABLE_PREFIX = lib;
				FRAMEWORK_SEARCH_PATHS = (
					"$(inherited)",
					"$(SYSTEM_LIBRARY_DIR)/PrivateFrameworks",
				);
				LIBRARY_SEARCH_PATHS = (
					"$(inherited)",
					"$(SYSTEM_LIBRARY_DIR)/Frameworks/CoreText.framework/Versions/A",
				);
				PRODUCT_NAME = "$(TARGET_NAME)";
			};
			name = Debug;
		};
		2E7D49D91E89A27700F489AB /* Release */ = {
			isa = XCBuildConfiguration;
			buildSettings = {
				DYLIB_COMPATIBILITY_VERSION = 1;
				DYLIB_CURRENT_VERSION = 1;
				EXECUTABLE_PREFIX = lib;
				FRAMEWORK_SEARCH_PATHS = (
					"$(inherited)",
					"$(SYSTEM_LIBRARY_DIR)/PrivateFrameworks",
				);
				LIBRARY_SEARCH_PATHS = (
					"$(inherited)",
					"$(SYSTEM_LIBRARY_DIR)/Frameworks/CoreText.framework/Versions/A",
				);
				PRODUCT_NAME = "$(TARGET_NAME)";
			};
			name = Release;
		};
/* End XCBuildConfiguration section */

/* Begin XCConfigurationList section */
		2E7D49C91E89A27600F489AB /* Build configuration list for PBXProject "FontReplace" */ = {
			isa = XCConfigurationList;
			buildConfigurations = (
				2E7D49D51E89A27700F489AB /* Debug */,
				2E7D49D61E89A27700F489AB /* Release */,
			);
			defaultConfigurationIsVisible = 0;
			defaultConfigurationName = Release;
		};
		2E7D49D71E89A27700F489AB /* Build configuration list for PBXNativeTarget "FontReplace" */ = {
			isa = XCConfigurationList;
			buildConfigurations = (
				2E7D49D81E89A27700F489AB /* Debug */,
				2E7D49D91E89A27700F489AB /* Release */,
			);
			defaultConfigurationIsVisible = 0;
			defaultConfigurationName = Release;
		};
/* End XCConfigurationList section */
	};
	rootObject = 2E7D49C61E89A27600F489AB /* Project object */;
}
